
Microsoft Visual Studio Solution File, Format Version 12.00
# Visual Studio Version 17
VisualStudioVersion = 17.0.32112.339
MinimumVisualStudioVersion = 10.0.40219.1
Project("{FAE04EC0-301F-11D3-BF4B-00C04F79EFBC}") = "chat-app", "chat-app\chat-app.csproj", "{75509B96-8E53-42FC-A15D-6D1550DC7640}"
EndProject
Global
	GlobalSection(SolutionConfigurationPlatforms) = preSolution
		Debug|Any CPU = Debug|Any CPU
		Release|Any CPU = Release|Any CPU
	EndGlobalSection
	GlobalSection(ProjectConfigurationPlatforms) = postSolution
		{75509B96-8E53-42FC-A15D-6D1550DC7640}.Debug|Any CPU.ActiveCfg = Debug|Any CPU
		{75509B96-8E53-42FC-A15D-6D1550DC7640}.Debug|Any CPU.Build.0 = Debug|Any CPU
		{75509B96-8E53-42FC-A15D-6D1550DC7640}.Release|Any CPU.ActiveCfg = Release|Any CPU
		{75509B96-8E53-42FC-A15D-6D1550DC7640}.Release|Any CPU.Build.0 = Release|Any CPU
	EndGlobalSection
	GlobalSection(SolutionProperties) = preSolution
		HideSolutionNode = FALSE
	EndGlobalSection
	GlobalSection(ExtensibilityGlobals) = postSolution
		SolutionGuid = {B7781D17-26A7-45F8-81D2-28D0B8966036}
	EndGlobalSection
EndGlobal
